
Microsoft Visual Studio Solution File, Format Version 12.00
# Visual Studio Version 17
VisualStudioVersion = 17.11.35431.28
MinimumVisualStudioVersion = 10.0.40219.1
Project("{8BC9CEB8-8B4A-11D0-8D11-00A0C91BC942}") = "Project29", "Project29\Project29.vcxproj", "{883EB280-DE55-4C63-9880-8E0818939ACE}"
EndProject
Global
	GlobalSection(SolutionConfigurationPlatforms) = preSolution
		Debug|x64 = Debug|x64
		Debug|x86 = Debug|x86
		Release|x64 = Release|x64
		Release|x86 = Release|x86
	EndGlobalSection
	GlobalSection(ProjectConfigurationPlatforms) = postSolution
		{883EB280-DE55-4C63-9880-8E0818939ACE}.Debug|x64.ActiveCfg = Debug|x64
		{883EB280-DE55-4C63-9880-8E0818939ACE}.Debug|x64.Build.0 = Debug|x64
		{883EB280-DE55-4C63-9880-8E0818939ACE}.Debug|x86.ActiveCfg = Debug|Win32
		{883EB280-DE55-4C63-9880-8E0818939ACE}.Debug|x86.Build.0 = Debug|Win32
		{883EB280-DE55-4C63-9880-8E0818939ACE}.Release|x64.ActiveCfg = Release|x64
		{883EB280-DE55-4C63-9880-8E0818939ACE}.Release|x64.Build.0 = Release|x64
		{883EB280-DE55-4C63-9880-8E0818939ACE}.Release|x86.ActiveCfg = Release|Win32
		{883EB280-DE55-4C63-9880-8E0818939ACE}.Release|x86.Build.0 = Release|Win32
	EndGlobalSection
	GlobalSection(SolutionProperties) = preSolution
		HideSolutionNode = FALSE
	EndGlobalSection
	GlobalSection(ExtensibilityGlobals) = postSolution
		SolutionGuid = {328FFAE5-0353-4C96-B697-57CB54963E48}
	EndGlobalSection
EndGlobal
